<?xml version="1.0" encoding="utf-8"?>
<Project ToolsVersion="4.0" xmlns="http://schemas.microsoft.com/developer/msbuild/2003">
  <ItemGroup>
    <Filter Include="Source Files">
      <UniqueIdentifier>{4FC737F1-C7A5-4376-A066-2A32D752A2FF}</UniqueIdentifier>
      <Extensions>cpp;c;cc;cxx;c++;cppm;ixx;def;odl;idl;hpj;bat;asm;asmx</Extensions>
    </Filter>
    <Filter Include="Header Files">
      <UniqueIdentifier>{93995380-89BD-4b04-88EB-625FBE52EBFB}</UniqueIdentifier>
      <Extensions>h;hh;hpp;hxx;h++;hm;inl;inc;ipp;xsd</Extensions>
    </Filter>
    <Filter Include="Resource Files">
      <UniqueIdentifier>{67DA6AB6-F800-4c08-8B7A-83BB121AAD01}</UniqueIdentifier>
      <Extensions>rc;ico;cur;bmp;dlg;rc2;rct;bin;rgs;gif;jpg;jpeg;jpe;resx;tiff;tif;png;wav;mfcribbon-ms</Extensions>
    </Filter>
    <Filter Include="Module Files">
      <UniqueIdentifier>{7410db69-0f6f-4ec3-87ab-ee66983dc2e1}</UniqueIdentifier>
    </Filter>
    <Filter Include="Module Files\Partition Files">
      <UniqueIdentifier>{399cfe8b-f9c1-4f25-bd8a-ea8772cda8cf}</UniqueIdentifier>
    </Filter>
    <Filter Include="Module Files\Addon Files">
      <UniqueIdentifier>{0d09f3fa-888f-408c-9097-e74715594f66}</UniqueIdentifier>
    </Filter>
  </ItemGroup>
  <ItemGroup>
    <ClCompile Include="src\main.cpp">
      <Filter>Source Files</Filter>
    </ClCompile>
    <ClCompile Include="..\..\modules\allegro.ixx">
      <Filter>Module Files</Filter>
    </ClCompile>
    <ClCompile Include="..\..\modules\partitions\a_altime.ixx">
      <Filter>Module Files\Partition Files</Filter>
    </ClCompile>
    <ClCompile Include="..\..\modules\partitions\a_array.ixx">
      <Filter>Module Files\Partition Files</Filter>
    </ClCompile>
    <ClCompile Include="..\..\modules\partitions\a_base.ixx">
      <Filter>Module Files\Partition Files</Filter>
    </ClCompile>
    <ClCompile Include="..\..\modules\partitions\a_bitmap.ixx">
      <Filter>Module Files\Partition Files</Filter>
    </ClCompile>
    <ClCompile Include="..\..\modules\partitions\a_bitmap_draw.ixx">
      <Filter>Module Files\Partition Files</Filter>
    </ClCompile>
    <ClCompile Include="..\..\modules\partitions\a_bitmap_io.ixx">
      <Filter>Module Files\Partition Files</Filter>
    </ClCompile>
    <ClCompile Include="..\..\modules\partitions\a_bitmap_lock.ixx">
      <Filter>Module Files\Partition Files</Filter>
    </ClCompile>
    <ClCompile Include="..\..\modules\partitions\a_blender.ixx">
      <Filter>Module Files\Partition Files</Filter>
    </ClCompile>
    <ClCompile Include="..\..\modules\partitions\a_box.ixx">
      <Filter>Module Files\Partition Files</Filter>
    </ClCompile>
    <ClCompile Include="..\..\modules\partitions\a_clipboard.ixx">
      <Filter>Module Files\Partition Files</Filter>
    </ClCompile>
    <ClCompile Include="..\..\modules\partitions\a_color.ixx">
      <Filter>Module Files\Partition Files</Filter>
    </ClCompile>
    <ClCompile Include="..\..\modules\partitions\a_config.ixx">
      <Filter>Module Files\Partition Files</Filter>
    </ClCompile>
    <ClCompile Include="..\..\modules\partitions\a_cpu.ixx">
      <Filter>Module Files\Partition Files</Filter>
    </ClCompile>
    <ClCompile Include="..\..\modules\partitions\a_debug.ixx">
      <Filter>Module Files\Partition Files</Filter>
    </ClCompile>
    <ClCompile Include="..\..\modules\partitions\a_display.ixx">
      <Filter>Module Files\Partition Files</Filter>
    </ClCompile>
    <ClCompile Include="..\..\modules\partitions\a_drawing.ixx">
      <Filter>Module Files\Partition Files</Filter>
    </ClCompile>
    <ClCompile Include="..\..\modules\partitions\a_error.ixx">
      <Filter>Module Files\Partition Files</Filter>
    </ClCompile>
    <ClCompile Include="..\..\modules\partitions\a_events.ixx">
      <Filter>Module Files\Partition Files</Filter>
    </ClCompile>
    <ClCompile Include="..\..\modules\partitions\a_file.ixx">
      <Filter>Module Files\Partition Files</Filter>
    </ClCompile>
    <ClCompile Include="..\..\modules\partitions\a_fixed.ixx">
      <Filter>Module Files\Partition Files</Filter>
    </ClCompile>
    <ClCompile Include="..\..\modules\partitions\a_fmaths.ixx">
      <Filter>Module Files\Partition Files</Filter>
    </ClCompile>
    <ClCompile Include="..\..\modules\partitions\a_fshook.ixx">
      <Filter>Module Files\Partition Files</Filter>
    </ClCompile>
    <ClCompile Include="..\..\modules\partitions\a_fullscreen_mode.ixx">
      <Filter>Module Files\Partition Files</Filter>
    </ClCompile>
    <ClCompile Include="..\..\modules\partitions\a_haptic.ixx">
      <Filter>Module Files\Partition Files</Filter>
    </ClCompile>
    <ClCompile Include="..\..\modules\partitions\a_joystick.ixx">
      <Filter>Module Files\Partition Files</Filter>
    </ClCompile>
    <ClCompile Include="..\..\modules\partitions\a_keyboard.ixx">
      <Filter>Module Files\Partition Files</Filter>
    </ClCompile>
    <ClCompile Include="..\..\modules\partitions\a_keycodes.ixx">
      <Filter>Module Files\Partition Files</Filter>
    </ClCompile>
    <ClCompile Include="..\..\modules\partitions\a_math.ixx">
      <Filter>Module Files\Partition Files</Filter>
    </ClCompile>
    <ClCompile Include="..\..\modules\partitions\a_memory.ixx">
      <Filter>Module Files\Partition Files</Filter>
    </ClCompile>
    <ClCompile Include="..\..\modules\partitions\a_monitor.ixx">
      <Filter>Module Files\Partition Files</Filter>
    </ClCompile>
    <ClCompile Include="..\..\modules\partitions\a_mouse.ixx">
      <Filter>Module Files\Partition Files</Filter>
    </ClCompile>
    <ClCompile Include="..\..\modules\partitions\a_mouse_cursor.ixx">
      <Filter>Module Files\Partition Files</Filter>
    </ClCompile>
    <ClCompile Include="..\..\modules\partitions\a_opengl.ixx">
      <Filter>Module Files\Partition Files</Filter>
    </ClCompile>
    <ClCompile Include="..\..\modules\partitions\a_path.ixx">
      <Filter>Module Files\Partition Files</Filter>
    </ClCompile>
    <ClCompile Include="..\..\modules\partitions\a_platform.ixx">
      <Filter>Module Files\Partition Files</Filter>
    </ClCompile>
    <ClCompile Include="..\..\modules\partitions\a_rectangle.ixx">
      <Filter>Module Files\Partition Files</Filter>
    </ClCompile>
    <ClCompile Include="..\..\modules\partitions\a_render_state.ixx">
      <Filter>Module Files\Partition Files</Filter>
    </ClCompile>
    <ClCompile Include="..\..\modules\partitions\a_shader.ixx">
      <Filter>Module Files\Partition Files</Filter>
    </ClCompile>
    <ClCompile Include="..\..\modules\partitions\a_system.ixx">
      <Filter>Module Files\Partition Files</Filter>
    </ClCompile>
    <ClCompile Include="..\..\modules\partitions\a_threads.ixx">
      <Filter>Module Files\Partition Files</Filter>
    </ClCompile>
    <ClCompile Include="..\..\modules\partitions\a_timer.ixx">
      <Filter>Module Files\Partition Files</Filter>
    </ClCompile>
    <ClCompile Include="..\..\modules\partitions\a_tls.ixx">
      <Filter>Module Files\Partition Files</Filter>
    </ClCompile>
    <ClCompile Include="..\..\modules\partitions\a_touch_input.ixx">
      <Filter>Module Files\Partition Files</Filter>
    </ClCompile>
    <ClCompile Include="..\..\modules\partitions\a_transformations.ixx">
      <Filter>Module Files\Partition Files</Filter>
    </ClCompile>
    <ClCompile Include="..\..\modules\partitions\a_utf8.ixx">
      <Filter>Module Files\Partition Files</Filter>
    </ClCompile>
    <ClCompile Include="..\..\modules\partitions\a_vector_2d.ixx">
      <Filter>Module Files\Partition Files</Filter>
    </ClCompile>
    <ClCompile Include="..\..\modules\partitions\a_vector_3d.ixx">
      <Filter>Module Files\Partition Files</Filter>
    </ClCompile>
    <ClCompile Include="..\..\modules\partitions\a_vector_4d.ixx">
      <Filter>Module Files\Partition Files</Filter>
    </ClCompile>
    <ClCompile Include="..\..\modules\addon\a_addon_acodec.ixx">
      <Filter>Module Files\Addon Files</Filter>
    </ClCompile>
    <ClCompile Include="..\..\modules\addon\a_addon_audio.ixx">
      <Filter>Module Files\Addon Files</Filter>
    </ClCompile>
    <ClCompile Include="..\..\modules\addon\a_addon_color.ixx">
      <Filter>Module Files\Addon Files</Filter>
    </ClCompile>
    <ClCompile Include="..\..\modules\addon\a_addon_font.ixx">
      <Filter>Module Files\Addon Files</Filter>
    </ClCompile>
    <ClCompile Include="..\..\modules\addon\a_addon_image.ixx">
      <Filter>Module Files\Addon Files</Filter>
    </ClCompile>
    <ClCompile Include="..\..\modules\addon\a_addon_memfile.ixx">
      <Filter>Module Files\Addon Files</Filter>
    </ClCompile>
    <ClCompile Include="..\..\modules\addon\a_addon_physfs.ixx">
      <Filter>Module Files\Addon Files</Filter>
    </ClCompile>
    <ClCompile Include="..\..\modules\addon\a_addon_primitives.ixx">
      <Filter>Module Files\Addon Files</Filter>
    </ClCompile>
    <ClCompile Include="..\..\modules\addon\a_addon_ttf.ixx">
      <Filter>Module Files\Addon Files</Filter>
    </ClCompile>
    <ClCompile Include="..\..\modules\addon\a_addon_video.ixx">
      <Filter>Module Files\Addon Files</Filter>
    </ClCompile>
  </ItemGroup>
  <ItemGroup>
    <None Include="packages.config" />
  </ItemGroup>
</Project>